// !$*UTF8*$!
{
	archiveVersion = 1;
	classes = {
	};
	objectVersion = 52;
	objects = {

/* Begin PBXBuildFile section */
		6E2D3E82271A591700959A7C /* MyData.swift in Sources */ = {isa = PBXBuildFile; fileRef = 6E2D3E81271A591700959A7C /* MyData.swift */; };
		6E439D212726D2F800D9F067 /* SecondView.swift in Sources */ = {isa = PBXBuildFile; fileRef = 6E439D202726D2F800D9F067 /* SecondView.swift */; };
		6E5A3CB326AEC58D0085F482 /* Terminals_Test_App.swift in Sources */ = {isa = PBXBuildFile; fileRef = 6E5A3CB226AEC58D0085F482 /* Terminals_Test_App.swift */; };
		6E5A3CB526AEC58D0085F482 /* ContentView.swift in Sources */ = {isa = PBXBuildFile; fileRef = 6E5A3CB426AEC58D0085F482 /* ContentView.swift */; };
		6E5A3CB726AEC58D0085F482 /* Assets.xcassets in Resources */ = {isa = PBXBuildFile; fileRef = 6E5A3CB626AEC58D0085F482 /* Assets.xcassets */; };
		6E5A3CBA26AEC58D0085F482 /* Preview Assets.xcassets in Resources */ = {isa = PBXBuildFile; fileRef = 6E5A3CB926AEC58D0085F482 /* Preview Assets.xcassets */; };
		6E5A3CC626AED9970085F482 /* MainView1.png in Resources */ = {isa = PBXBuildFile; fileRef = 6E5A3CC526AED9970085F482 /* MainView1.png */; };
		6E5A726C273EB185006070CC /* PopupView in Frameworks */ = {isa = PBXBuildFile; productRef = 6E5A726B273EB185006070CC /* PopupView */; };
		6EB30E8626B98D99000C78CC /* ContentModel.swift in Sources */ = {isa = PBXBuildFile; fileRef = 6EB30E8526B98D99000C78CC /* ContentModel.swift */; };
		6ECA8C4C26B7F723007E5F12 /* models.swift in Sources */ = {isa = PBXBuildFile; fileRef = 6ECA8C4B26B7F723007E5F12 /* models.swift */; };
		EA12BBED7B0D1BC781151922 /* Pods_Terminals_Test_App.framework in Frameworks */ = {isa = PBXBuildFile; fileRef = 945FC9AFAE8E1F79AC2BC7DC /* Pods_Terminals_Test_App.framework */; };
/* End PBXBuildFile section */

/* Begin PBXFileReference section */
		1D37477A8556F901C95E51C5 /* Pods-Terminals Test App.debug.xcconfig */ = {isa = PBXFileReference; includeInIndex = 1; lastKnownFileType = text.xcconfig; name = "Pods-Terminals Test App.debug.xcconfig"; path = "Target Support Files/Pods-Terminals Test App/Pods-Terminals Test App.debug.xcconfig"; sourceTree = "<group>"; };
		6E2D3E81271A591700959A7C /* MyData.swift */ = {isa = PBXFileReference; lastKnownFileType = sourcecode.swift; path = MyData.swift; sourceTree = "<group>"; };
		6E439D202726D2F800D9F067 /* SecondView.swift */ = {isa = PBXFileReference; lastKnownFileType = sourcecode.swift; path = SecondView.swift; sourceTree = "<group>"; };
		6E5A3CAF26AEC58D0085F482 /* Terminals Test App.app */ = {isa = PBXFileReference; explicitFileType = wrapper.application; includeInIndex = 0; path = "Terminals Test App.app"; sourceTree = BUILT_PRODUCTS_DIR; };
		6E5A3CB226AEC58D0085F482 /* Terminals_Test_App.swift */ = {isa = PBXFileReference; lastKnownFileType = sourcecode.swift; path = Terminals_Test_App.swift; sourceTree = "<group>"; };
		6E5A3CB426AEC58D0085F482 /* ContentView.swift */ = {isa = PBXFileReference; lastKnownFileType = sourcecode.swift; path = ContentView.swift; sourceTree = "<group>"; };
		6E5A3CB626AEC58D0085F482 /* Assets.xcassets */ = {isa = PBXFileReference; lastKnownFileType = folder.assetcatalog; path = Assets.xcassets; sourceTree = "<group>"; };
		6E5A3CB926AEC58D0085F482 /* Preview Assets.xcassets */ = {isa = PBXFileReference; lastKnownFileType = folder.assetcatalog; path = "Preview Assets.xcassets"; sourceTree = "<group>"; };
		6E5A3CBB26AEC58D0085F482 /* Info.plist */ = {isa = PBXFileReference; lastKnownFileType = text.plist.xml; path = Info.plist; sourceTree = "<group>"; };
		6E5A3CC526AED9970085F482 /* MainView1.png */ = {isa = PBXFileReference; lastKnownFileType = image.png; path = MainView1.png; sourceTree = "<group>"; };
		6EB30E8526B98D99000C78CC /* ContentModel.swift */ = {isa = PBXFileReference; lastKnownFileType = sourcecode.swift; path = ContentModel.swift; sourceTree = "<group>"; };
		6ECA8C4B26B7F723007E5F12 /* models.swift */ = {isa = PBXFileReference; lastKnownFileType = sourcecode.swift; path = models.swift; sourceTree = "<group>"; };
		90EDDB0EDFEFA7CEBB91DF28 /* Pods-Terminals Test App.release.xcconfig */ = {isa = PBXFileReference; includeInIndex = 1; lastKnownFileType = text.xcconfig; name = "Pods-Terminals Test App.release.xcconfig"; path = "Target Support Files/Pods-Terminals Test App/Pods-Terminals Test App.release.xcconfig"; sourceTree = "<group>"; };
		945FC9AFAE8E1F79AC2BC7DC /* Pods_Terminals_Test_App.framework */ = {isa = PBXFileReference; explicitFileType = wrapper.framework; includeInIndex = 0; path = Pods_Terminals_Test_App.framework; sourceTree = BUILT_PRODUCTS_DIR; };
/* End PBXFileReference section */

/* Begin PBXFrameworksBuildPhase section */
		6E5A3CAC26AEC58D0085F482 /* Frameworks */ = {
			isa = PBXFrameworksBuildPhase;
			buildActionMask = 2147483647;
			files = (
				6E5A726C273EB185006070CC /* PopupView in Frameworks */,
				EA12BBED7B0D1BC781151922 /* Pods_Terminals_Test_App.framework in Frameworks */,
			);
			runOnlyForDeploymentPostprocessing = 0;
		};
/* End PBXFrameworksBuildPhase section */

/* Begin PBXGroup section */
		6E5A3CA626AEC58D0085F482 = {
			isa = PBXGroup;
			children = (
				6E5A3CB226AEC58D0085F482 /* Terminals_Test_App.swift */,
				6E5A3CB126AEC58D0085F482 /* Terminals Test App */,
				6E5A3CB026AEC58D0085F482 /* Products */,
				DC567BBCECD0D5335E709C43 /* Pods */,
				A184F651DC6BF7AFB02AB701 /* Frameworks */,
			);
			sourceTree = "<group>";
		};
		6E5A3CB026AEC58D0085F482 /* Products */ = {
			isa = PBXGroup;
			children = (
				6E5A3CAF26AEC58D0085F482 /* Terminals Test App.app */,
			);
			name = Products;
			sourceTree = "<group>";
		};
		6E5A3CB126AEC58D0085F482 /* Terminals Test App */ = {
			isa = PBXGroup;
			children = (
				6E5A3CC426AED9510085F482 /* Preview Images */,
				6E5A3CC226AEC5F90085F482 /* Views */,
				6E5A3CC326AEC60D0085F482 /* ViewModels */,
				6E5A3CC126AEC5E90085F482 /* Models */,
				6E5A3CB626AEC58D0085F482 /* Assets.xcassets */,
				6E5A3CBB26AEC58D0085F482 /* Info.plist */,
				6E5A3CB826AEC58D0085F482 /* Preview Content */,
			);
			path = "Terminals Test App";
			sourceTree = "<group>";
		};
		6E5A3CB826AEC58D0085F482 /* Preview Content */ = {
			isa = PBXGroup;
			children = (
				6E5A3CB926AEC58D0085F482 /* Preview Assets.xcassets */,
			);
			path = "Preview Content";
			sourceTree = "<group>";
		};
		6E5A3CC126AEC5E90085F482 /* Models */ = {
			isa = PBXGroup;
			children = (
				6ECA8C4B26B7F723007E5F12 /* models.swift */,
				6E2D3E81271A591700959A7C /* MyData.swift */,
			);
			path = Models;
			sourceTree = "<group>";
		};
		6E5A3CC226AEC5F90085F482 /* Views */ = {
			isa = PBXGroup;
			children = (
				6E5A3CB426AEC58D0085F482 /* ContentView.swift */,
				6E439D202726D2F800D9F067 /* SecondView.swift */,
			);
			path = Views;
			sourceTree = "<group>";
		};
		6E5A3CC326AEC60D0085F482 /* ViewModels */ = {
			isa = PBXGroup;
			children = (
				6EB30E8526B98D99000C78CC /* ContentModel.swift */,
			);
			path = ViewModels;
			sourceTree = "<group>";
		};
		6E5A3CC426AED9510085F482 /* Preview Images */ = {
			isa = PBXGroup;
			children = (
				6E5A3CC526AED9970085F482 /* MainView1.png */,
			);
			path = "Preview Images";
			sourceTree = "<group>";
		};
		A184F651DC6BF7AFB02AB701 /* Frameworks */ = {
			isa = PBXGroup;
			children = (
				945FC9AFAE8E1F79AC2BC7DC /* Pods_Terminals_Test_App.framework */,
			);
			name = Frameworks;
			sourceTree = "<group>";
		};
		DC567BBCECD0D5335E709C43 /* Pods */ = {
			isa = PBXGroup;
			children = (
				1D37477A8556F901C95E51C5 /* Pods-Terminals Test App.debug.xcconfig */,
				90EDDB0EDFEFA7CEBB91DF28 /* Pods-Terminals Test App.release.xcconfig */,
			);
			path = Pods;
			sourceTree = "<group>";
		};
/* End PBXGroup section */

/* Begin PBXNativeTarget section */
		6E5A3CAE26AEC58D0085F482 /* Terminals Test App */ = {
			isa = PBXNativeTarget;
			buildConfigurationList = 6E5A3CBE26AEC58D0085F482 /* Build configuration list for PBXNativeTarget "Terminals Test App" */;
			buildPhases = (
				D79C0D30EFD6AE99210CB21E /* [CP] Check Pods Manifest.lock */,
				6E5A3CAB26AEC58D0085F482 /* Sources */,
				6E5A3CAC26AEC58D0085F482 /* Frameworks */,
				6E5A3CAD26AEC58D0085F482 /* Resources */,
				DBB1C5E40002A6E0834A14D6 /* [CP] Embed Pods Frameworks */,
			);
			buildRules = (
			);
			dependencies = (
			);
			name = "Terminals Test App";
			packageProductDependencies = (
				6E5A726B273EB185006070CC /* PopupView */,
			);
			productName = "Terminals Test App";
			productReference = 6E5A3CAF26AEC58D0085F482 /* Terminals Test App.app */;
			productType = "com.apple.product-type.application";
		};
/* End PBXNativeTarget section */

/* Begin PBXProject section */
		6E5A3CA726AEC58D0085F482 /* Project object */ = {
			isa = PBXProject;
			attributes = {
				LastSwiftUpdateCheck = 1250;
				LastUpgradeCheck = 1250;
				TargetAttributes = {
					6E5A3CAE26AEC58D0085F482 = {
						CreatedOnToolsVersion = 12.5.1;
					};
				};
			};
			buildConfigurationList = 6E5A3CAA26AEC58D0085F482 /* Build configuration list for PBXProject "Terminals Test App" */;
			compatibilityVersion = "Xcode 9.3";
			developmentRegion = en;
			hasScannedForEncodings = 0;
			knownRegions = (
				en,
				Base,
			);
			mainGroup = 6E5A3CA626AEC58D0085F482;
			packageReferences = (
				6E5A726A273EB185006070CC /* XCRemoteSwiftPackageReference "PopupView" */,
			);
			productRefGroup = 6E5A3CB026AEC58D0085F482 /* Products */;
			projectDirPath = "";
			projectRoot = "";
			targets = (
				6E5A3CAE26AEC58D0085F482 /* Terminals Test App */,
			);
		};
/* End PBXProject section */

/* Begin PBXResourcesBuildPhase section */
		6E5A3CAD26AEC58D0085F482 /* Resources */ = {
			isa = PBXResourcesBuildPhase;
			buildActionMask = 2147483647;
			files = (
				6E5A3CC626AED9970085F482 /* MainView1.png in Resources */,
				6E5A3CBA26AEC58D0085F482 /* Preview Assets.xcassets in Resources */,
				6E5A3CB726AEC58D0085F482 /* Assets.xcassets in Resources */,
			);
			runOnlyForDeploymentPostprocessing = 0;
		};
/* End PBXResourcesBuildPhase section */

/* Begin PBXShellScriptBuildPhase section */
		D79C0D30EFD6AE99210CB21E /* [CP] Check Pods Manifest.lock */ = {
			isa = PBXShellScriptBuildPhase;
			buildActionMask = 2147483647;
			files = (
			);
			inputFileListPaths = (
			);
			inputPaths = (
				"${PODS_PODFILE_DIR_PATH}/Podfile.lock",
				"${PODS_ROOT}/Manifest.lock",
			);
			name = "[CP] Check Pods Manifest.lock";
			outputFileListPaths = (
			);
			outputPaths = (
				"$(DERIVED_FILE_DIR)/Pods-Terminals Test App-checkManifestLockResult.txt",
			);
			runOnlyForDeploymentPostprocessing = 0;
			shellPath = /bin/sh;
			shellScript = "diff \"${PODS_PODFILE_DIR_PATH}/Podfile.lock\" \"${PODS_ROOT}/Manifest.lock\" > /dev/null\nif [ $? != 0 ] ; then\n    # print error to STDERR\n    echo \"error: The sandbox is not in sync with the Podfile.lock. Run 'pod install' or update your CocoaPods installation.\" >&2\n    exit 1\nfi\n# This output is used by Xcode 'outputs' to avoid re-running this script phase.\necho \"SUCCESS\" > \"${SCRIPT_OUTPUT_FILE_0}\"\n";
			showEnvVarsInLog = 0;
		};
		DBB1C5E40002A6E0834A14D6 /* [CP] Embed Pods Frameworks */ = {
			isa = PBXShellScriptBuildPhase;
			buildActionMask = 2147483647;
			files = (
			);
			inputFileListPaths = (
				"${PODS_ROOT}/Target Support Files/Pods-Terminals Test App/Pods-Terminals Test App-frameworks-${CONFIGURATION}-input-files.xcfilelist",
			);
			name = "[CP] Embed Pods Frameworks";
			outputFileListPaths = (
				"${PODS_ROOT}/Target Support Files/Pods-Terminals Test App/Pods-Terminals Test App-frameworks-${CONFIGURATION}-output-files.xcfilelist",
			);
			runOnlyForDeploymentPostprocessing = 0;
			shellPath = /bin/sh;
			shellScript = "\"${PODS_ROOT}/Target Support Files/Pods-Terminals Test App/Pods-Terminals Test App-frameworks.sh\"\n";
			showEnvVarsInLog = 0;
		};
/* End PBXShellScriptBuildPhase section */

/* Begin PBXSourcesBuildPhase section */
		6E5A3CAB26AEC58D0085F482 /* Sources */ = {
			isa = PBXSourcesBuildPhase;
			buildActionMask = 2147483647;
			files = (
				6E439D212726D2F800D9F067 /* SecondView.swift in Sources */,
				6E5A3CB526AEC58D0085F482 /* ContentView.swift in Sources */,
				6ECA8C4C26B7F723007E5F12 /* models.swift in Sources */,
				6EB30E8626B98D99000C78CC /* ContentModel.swift in Sources */,
				6E2D3E82271A591700959A7C /* MyData.swift in Sources */,
				6E5A3CB326AEC58D0085F482 /* Terminals_Test_App.swift in Sources */,
			);
			runOnlyForDeploymentPostprocessing = 0;
		};
/* End PBXSourcesBuildPhase section */

/* Begin XCBuildConfiguration section */
		6E5A3CBC26AEC58D0085F482 /* Debug */ = {
			isa = XCBuildConfiguration;
			buildSettings = {
				ALWAYS_SEARCH_USER_PATHS = NO;
				CLANG_ANALYZER_NONNULL = YES;
				CLANG_ANALYZER_NUMBER_OBJECT_CONVERSION = YES_AGGRESSIVE;
				CLANG_CXX_LANGUAGE_STANDARD = "gnu++14";
				CLANG_CXX_LIBRARY = "libc++";
				CLANG_ENABLE_MODULES = YES;
				CLANG_ENABLE_OBJC_ARC = YES;
				CLANG_ENABLE_OBJC_WEAK = YES;
				CLANG_WARN_BLOCK_CAPTURE_AUTORELEASING = YES;
				CLANG_WARN_BOOL_CONVERSION = YES;
				CLANG_WARN_COMMA = YES;
				CLANG_WARN_CONSTANT_CONVERSION = YES;
				CLANG_WARN_DEPRECATED_OBJC_IMPLEMENTATIONS = YES;
				CLANG_WARN_DIRECT_OBJC_ISA_USAGE = YES_ERROR;
				CLANG_WARN_DOCUMENTATION_COMMENTS = YES;
				CLANG_WARN_EMPTY_BODY = YES;
				CLANG_WARN_ENUM_CONVERSION = YES;
				CLANG_WARN_INFINITE_RECURSION = YES;
				CLANG_WARN_INT_CONVERSION = YES;
				CLANG_WARN_NON_LITERAL_NULL_CONVERSION = YES;
				CLANG_WARN_OBJC_IMPLICIT_RETAIN_SELF = YES;
				CLANG_WARN_OBJC_LITERAL_CONVERSION = YES;
				CLANG_WARN_OBJC_ROOT_CLASS = YES_ERROR;
				CLANG_WARN_QUOTED_INCLUDE_IN_FRAMEWORK_HEADER = YES;
				CLANG_WARN_RANGE_LOOP_ANALYSIS = YES;
				CLANG_WARN_STRICT_PROTOTYPES = YES;
				CLANG_WARN_SUSPICIOUS_MOVE = YES;
				CLANG_WARN_UNGUARDED_AVAILABILITY = YES_AGGRESSIVE;
				CLANG_WARN_UNREACHABLE_CODE = YES;
				CLANG_WARN__DUPLICATE_METHOD_MATCH = YES;
				COPY_PHASE_STRIP = NO;
				DEBUG_INFORMATION_FORMAT = dwarf;
				ENABLE_STRICT_OBJC_MSGSEND = YES;
				ENABLE_TESTABILITY = YES;
				GCC_C_LANGUAGE_STANDARD = gnu11;
				GCC_DYNAMIC_NO_PIC = NO;
				GCC_NO_COMMON_BLOCKS = YES;
				GCC_OPTIMIZATION_LEVEL = 0;
				GCC_PREPROCESSOR_DEFINITIONS = (
					"DEBUG=1",
					"$(inherited)",
				);
				GCC_WARN_64_TO_32_BIT_CONVERSION = YES;
				GCC_WARN_ABOUT_RETURN_TYPE = YES_ERROR;
				GCC_WARN_UNDECLARED_SELECTOR = YES;
				GCC_WARN_UNINITIALIZED_AUTOS = YES_AGGRESSIVE;
				GCC_WARN_UNUSED_FUNCTION = YES;
				GCC_WARN_UNUSED_VARIABLE = YES;
				IPHONEOS_DEPLOYMENT_TARGET = 14.5;
				MTL_ENABLE_DEBUG_INFO = INCLUDE_SOURCE;
				MTL_FAST_MATH = YES;
				ONLY_ACTIVE_ARCH = YES;
				SDKROOT = iphoneos;
				SWIFT_ACTIVE_COMPILATION_CONDITIONS = DEBUG;
				SWIFT_OPTIMIZATION_LEVEL = "-Onone";
			};
			name = Debug;
		};
		6E5A3CBD26AEC58D0085F482 /* Release */ = {
			isa = XCBuildConfiguration;
			buildSettings = {
				ALWAYS_SEARCH_USER_PATHS = NO;
				CLANG_ANALYZER_NONNULL = YES;
				CLANG_ANALYZER_NUMBER_OBJECT_CONVERSION = YES_AGGRESSIVE;
				CLANG_CXX_LANGUAGE_STANDARD = "gnu++14";
				CLANG_CXX_LIBRARY = "libc++";
				CLANG_ENABLE_MODULES = YES;
				CLANG_ENABLE_OBJC_ARC = YES;
				CLANG_ENABLE_OBJC_WEAK = YES;
				CLANG_WARN_BLOCK_CAPTURE_AUTORELEASING = YES;
				CLANG_WARN_BOOL_CONVERSION = YES;
				CLANG_WARN_COMMA = YES;
				CLANG_WARN_CONSTANT_CONVERSION = YES;
				CLANG_WARN_DEPRECATED_OBJC_IMPLEMENTATIONS = YES;
				CLANG_WARN_DIRECT_OBJC_ISA_USAGE = YES_ERROR;
				CLANG_WARN_DOCUMENTATION_COMMENTS = YES;
				CLANG_WARN_EMPTY_BODY = YES;
				CLANG_WARN_ENUM_CONVERSION = YES;
				CLANG_WARN_INFINITE_RECURSION = YES;
				CLANG_WARN_INT_CONVERSION = YES;
				CLANG_WARN_NON_LITERAL_NULL_CONVERSION = YES;
				CLANG_WARN_OBJC_IMPLICIT_RETAIN_SELF = YES;
				CLANG_WARN_OBJC_LITERAL_CONVERSION = YES;
				CLANG_WARN_OBJC_ROOT_CLASS = YES_ERROR;
				CLANG_WARN_QUOTED_INCLUDE_IN_FRAMEWORK_HEADER = YES;
				CLANG_WARN_RANGE_LOOP_ANALYSIS = YES;
				CLANG_WARN_STRICT_PROTOTYPES = YES;
				CLANG_WARN_SUSPICIOUS_MOVE = YES;
				CLANG_WARN_UNGUARDED_AVAILABILITY = YES_AGGRESSIVE;
				CLANG_WARN_UNREACHABLE_CODE = YES;
				CLANG_WARN__DUPLICATE_METHOD_MATCH = YES;
				COPY_PHASE_STRIP = NO;
				DEBUG_INFORMATION_FORMAT = "dwarf-with-dsym";
				ENABLE_NS_ASSERTIONS = NO;
				ENABLE_STRICT_OBJC_MSGSEND = YES;
				GCC_C_LANGUAGE_STANDARD = gnu11;
				GCC_NO_COMMON_BLOCKS = YES;
				GCC_WARN_64_TO_32_BIT_CONVERSION = YES;
				GCC_WARN_ABOUT_RETURN_TYPE = YES_ERROR;
				GCC_WARN_UNDECLARED_SELECTOR = YES;
				GCC_WARN_UNINITIALIZED_AUTOS = YES_AGGRESSIVE;
				GCC_WARN_UNUSED_FUNCTION = YES;
				GCC_WARN_UNUSED_VARIABLE = YES;
				IPHONEOS_DEPLOYMENT_TARGET = 14.5;
				MTL_ENABLE_DEBUG_INFO = NO;
				MTL_FAST_MATH = YES;
				SDKROOT = iphoneos;
				SWIFT_COMPILATION_MODE = wholemodule;
				SWIFT_OPTIMIZATION_LEVEL = "-O";
				VALIDATE_PRODUCT = YES;
			};
			name = Release;
		};
		6E5A3CBF26AEC58D0085F482 /* Debug */ = {
			isa = XCBuildConfiguration;
			baseConfigurationReference = 1D37477A8556F901C95E51C5 /* Pods-Terminals Test App.debug.xcconfig */;
			buildSettings = {
				ASSETCATALOG_COMPILER_APPICON_NAME = AppIcon;
				ASSETCATALOG_COMPILER_GLOBAL_ACCENT_COLOR_NAME = AccentColor;
				CODE_SIGN_STYLE = Automatic;
				DEVELOPMENT_ASSET_PATHS = "\"Terminals Test App/Preview Content\"";
				DEVELOPMENT_TEAM = BPJY8FK426;
				ENABLE_PREVIEWS = YES;
				INFOPLIST_FILE = "Terminals Test App/Info.plist";
				IPHONEOS_DEPLOYMENT_TARGET = 14.0;
				LD_RUNPATH_SEARCH_PATHS = (
					"$(inherited)",
					"@executable_path/Frameworks",
				);
				PRODUCT_BUNDLE_IDENTIFIER = "com..Terminals-Test-App";
				PRODUCT_NAME = "$(TARGET_NAME)";
				SWIFT_VERSION = 5.0;
				TARGETED_DEVICE_FAMILY = "1,2";
			};
			name = Debug;
		};
		6E5A3CC026AEC58D0085F482 /* Release */ = {
			isa = XCBuildConfiguration;
			baseConfigurationReference = 90EDDB0EDFEFA7CEBB91DF28 /* Pods-Terminals Test App.release.xcconfig */;
			buildSettings = {
				ASSETCATALOG_COMPILER_APPICON_NAME = AppIcon;
				ASSETCATALOG_COMPILER_GLOBAL_ACCENT_COLOR_NAME = AccentColor;
				CODE_SIGN_STYLE = Automatic;
				DEVELOPMENT_ASSET_PATHS = "\"Terminals Test App/Preview Content\"";
				DEVELOPMENT_TEAM = BPJY8FK426;
				ENABLE_PREVIEWS = YES;
				INFOPLIST_FILE = "Terminals Test App/Info.plist";
				IPHONEOS_DEPLOYMENT_TARGET = 14.0;
				LD_RUNPATH_SEARCH_PATHS = (
					"$(inherited)",
					"@executable_path/Frameworks",
				);
				PRODUCT_BUNDLE_IDENTIFIER = "com..Terminals-Test-App";
				PRODUCT_NAME = "$(TARGET_NAME)";
				SWIFT_VERSION = 5.0;
				TARGETED_DEVICE_FAMILY = "1,2";
			};
			name = Release;
		};
/* End XCBuildConfiguration section */

/* Begin XCConfigurationList section */
		6E5A3CAA26AEC58D0085F482 /* Build configuration list for PBXProject "Terminals Test App" */ = {
			isa = XCConfigurationList;
			buildConfigurations = (
				6E5A3CBC26AEC58D0085F482 /* Debug */,
				6E5A3CBD26AEC58D0085F482 /* Release */,
			);
			defaultConfigurationIsVisible = 0;
			defaultConfigurationName = Release;
		};
		6E5A3CBE26AEC58D0085F482 /* Build configuration list for PBXNativeTarget "Terminals Test App" */ = {
			isa = XCConfigurationList;
			buildConfigurations = (
				6E5A3CBF26AEC58D0085F482 /* Debug */,
				6E5A3CC026AEC58D0085F482 /* Release */,
			);
			defaultConfigurationIsVisible = 0;
			defaultConfigurationName = Release;
		};
/* End XCConfigurationList section */

/* Begin XCRemoteSwiftPackageReference section */
		6E5A726A273EB185006070CC /* XCRemoteSwiftPackageReference "PopupView" */ = {
			isa = XCRemoteSwiftPackageReference;
			repositoryURL = "https://github.com/exyte/PopupView.git";
			requirement = {
				kind = upToNextMajorVersion;
				minimumVersion = 1.0.0;
			};
		};
/* End XCRemoteSwiftPackageReference section */

/* Begin XCSwiftPackageProductDependency section */
		6E5A726B273EB185006070CC /* PopupView */ = {
			isa = XCSwiftPackageProductDependency;
			package = 6E5A726A273EB185006070CC /* XCRemoteSwiftPackageReference "PopupView" */;
			productName = PopupView;
		};
/* End XCSwiftPackageProductDependency section */
	};
	rootObject = 6E5A3CA726AEC58D0085F482 /* Project object */;
}
